[[package]]
name = "wasmlite"
version = "0.1.0"
dependencies = [
 "wasmlite-parser 0.1.0",
 "wasmlite-utils 0.1.0",
]

[[package]]
name = "wasmlite-llvm"
version = "0.1.0"

[[package]]
name = "wasmlite-parser"
version = "0.1.0"
dependencies = [
 "wasmlite-llvm 0.1.0",
 "wasmlite-utils 0.1.0",
]

[[package]]
name = "wasmlite-utils"
version = "0.1.0"

